hash: a76987283b0fe80a60b52deaec313c123d420985bee355bd6817608d6e455543
updated: 2017-10-02T18:39:21.436955659+02:00
imports:
- name: github.com/docopt/docopt-go
  version: 784ddc588536785e7299f7272f39101f7faccc3f
- name: github.com/jackc/pgx
  version: 63f58fd32edb5684b9e9f4cfaac847c6b42b3917
  subpackages:
  - internal/sanitize
  - pgio
  - pgproto3
  - pgtype
  - chunkreader
- name: github.com/pkg/errors
  version: 2b3a18b5f0fb6b4f9190549597d3f962c02bc5eb
- name: github.com/sirupsen/logrus
  version: 89742aefa4b206dcf400792f3bd35b542998eb3b
- name: github.com/stretchr/testify
  version: 890a5c3458b43e6104ff5da8dfa139d013d77544
- name: golang.org/x/crypto
  version: 76eec36fa14229c4b25bb894c2d0e591527af429
  subpackages:
  - ssh/terminal
- name: golang.org/x/sys
  version: 429f518978ab01db8bb6f44b66785088e7fba58b
  subpackages:
  - unix
  - windows
devImports: []
